
Microsoft Visual Studio Solution File, Format Version 12.00
# Visual Studio Version 16
VisualStudioVersion = 16.0.32002.261
MinimumVisualStudioVersion = 10.0.40219.1
Project("{FAE04EC0-301F-11D3-BF4B-00C04F79EFBC}") = "Mission7Assignment", "Mission7Assignment\Mission7Assignment.csproj", "{9CEAE62B-08DF-46E4-AB73-9F843A47D556}"
EndProject
Global
	GlobalSection(SolutionConfigurationPlatforms) = preSolution
		Debug|Any CPU = Debug|Any CPU
		Release|Any CPU = Release|Any CPU
	EndGlobalSection
	GlobalSection(ProjectConfigurationPlatforms) = postSolution
		{9CEAE62B-08DF-46E4-AB73-9F843A47D556}.Debug|Any CPU.ActiveCfg = Debug|Any CPU
		{9CEAE62B-08DF-46E4-AB73-9F843A47D556}.Debug|Any CPU.Build.0 = Debug|Any CPU
		{9CEAE62B-08DF-46E4-AB73-9F843A47D556}.Release|Any CPU.ActiveCfg = Release|Any CPU
		{9CEAE62B-08DF-46E4-AB73-9F843A47D556}.Release|Any CPU.Build.0 = Release|Any CPU
	EndGlobalSection
	GlobalSection(SolutionProperties) = preSolution
		HideSolutionNode = FALSE
	EndGlobalSection
	GlobalSection(ExtensibilityGlobals) = postSolution
		SolutionGuid = {1B2849D6-C2B1-49E2-945D-A19521644441}
	EndGlobalSection
EndGlobal
